// !$*UTF8*$!
{
	archiveVersion = 1;
	classes = {
	};
	objectVersion = 55;
	objects = {

/* Begin PBXBuildFile section */
		F060460C286CEAB00077E732 /* AppDelegate.swift in Sources */ = {isa = PBXBuildFile; fileRef = F060460B286CEAB00077E732 /* AppDelegate.swift */; };
		F060460E286CEAB00077E732 /* SceneDelegate.swift in Sources */ = {isa = PBXBuildFile; fileRef = F060460D286CEAB00077E732 /* SceneDelegate.swift */; };
		F0604610286CEAB00077E732 /* HomeVC.swift in Sources */ = {isa = PBXBuildFile; fileRef = F060460F286CEAB00077E732 /* HomeVC.swift */; };
		F0604613286CEAB00077E732 /* Main.storyboard in Resources */ = {isa = PBXBuildFile; fileRef = F0604611286CEAB00077E732 /* Main.storyboard */; };
		F0604615286CEAB20077E732 /* Assets.xcassets in Resources */ = {isa = PBXBuildFile; fileRef = F0604614286CEAB20077E732 /* Assets.xcassets */; };
		F0604618286CEAB20077E732 /* LaunchScreen.storyboard in Resources */ = {isa = PBXBuildFile; fileRef = F0604616286CEAB20077E732 /* LaunchScreen.storyboard */; };
		F0604620286CEF4B0077E732 /* DemoData.swift in Sources */ = {isa = PBXBuildFile; fileRef = F060461F286CEF4B0077E732 /* DemoData.swift */; };
		F0604623286CEF870077E732 /* CardView.swift in Sources */ = {isa = PBXBuildFile; fileRef = F0604622286CEF870077E732 /* CardView.swift */; };
		F0604626286CEF8F0077E732 /* ShadowCardView.swift in Sources */ = {isa = PBXBuildFile; fileRef = F0604624286CEF8F0077E732 /* ShadowCardView.swift */; };
		F0604627286CEF8F0077E732 /* RoundedButton.swift in Sources */ = {isa = PBXBuildFile; fileRef = F0604625286CEF8F0077E732 /* RoundedButton.swift */; };
		F060462A286DCAA10077E732 /* LoginRegisterVC.swift in Sources */ = {isa = PBXBuildFile; fileRef = F0604628286DCAA10077E732 /* LoginRegisterVC.swift */; };
		F060462B286DCAA10077E732 /* LoginRegisterVC.xib in Resources */ = {isa = PBXBuildFile; fileRef = F0604629286DCAA10077E732 /* LoginRegisterVC.xib */; };
		F06B499D287D977000B7D7C4 /* ThumbnailCell.swift in Sources */ = {isa = PBXBuildFile; fileRef = F06B499C287D977000B7D7C4 /* ThumbnailCell.swift */; };
		F09424C9287469B5002E4F08 /* Vacation.swift in Sources */ = {isa = PBXBuildFile; fileRef = F09424C8287469B5002E4F08 /* Vacation.swift */; };
		F09424CD28746F84002E4F08 /* VacationCell.swift in Sources */ = {isa = PBXBuildFile; fileRef = F09424CB28746F84002E4F08 /* VacationCell.swift */; };
		F09424CE28746F84002E4F08 /* VacationCell.xib in Resources */ = {isa = PBXBuildFile; fileRef = F09424CC28746F84002E4F08 /* VacationCell.xib */; };
		F09424D128747F04002E4F08 /* SDWebImage in Frameworks */ = {isa = PBXBuildFile; productRef = F09424D028747F04002E4F08 /* SDWebImage */; };
		F0A829D228803E4E001E064C /* CheckoutVC.swift in Sources */ = {isa = PBXBuildFile; fileRef = F0A829D128803E4E001E064C /* CheckoutVC.swift */; };
		F0D7ABCA287C6A8E00F632A0 /* Int+Ext.swift in Sources */ = {isa = PBXBuildFile; fileRef = F0D7ABC9287C6A8E00F632A0 /* Int+Ext.swift */; };
		F0D7ABCC287C6C1A00F632A0 /* VacationDetailsVC.swift in Sources */ = {isa = PBXBuildFile; fileRef = F0D7ABCB287C6C1A00F632A0 /* VacationDetailsVC.swift */; };
/* End PBXBuildFile section */

/* Begin PBXFileReference section */
		F0604608286CEAB00077E732 /* bon-voyage.app */ = {isa = PBXFileReference; explicitFileType = wrapper.application; includeInIndex = 0; path = "bon-voyage.app"; sourceTree = BUILT_PRODUCTS_DIR; };
		F060460B286CEAB00077E732 /* AppDelegate.swift */ = {isa = PBXFileReference; lastKnownFileType = sourcecode.swift; path = AppDelegate.swift; sourceTree = "<group>"; };
		F060460D286CEAB00077E732 /* SceneDelegate.swift */ = {isa = PBXFileReference; lastKnownFileType = sourcecode.swift; path = SceneDelegate.swift; sourceTree = "<group>"; };
		F060460F286CEAB00077E732 /* HomeVC.swift */ = {isa = PBXFileReference; lastKnownFileType = sourcecode.swift; path = HomeVC.swift; sourceTree = "<group>"; };
		F0604612286CEAB00077E732 /* Base */ = {isa = PBXFileReference; lastKnownFileType = file.storyboard; name = Base; path = Base.lproj/Main.storyboard; sourceTree = "<group>"; };
		F0604614286CEAB20077E732 /* Assets.xcassets */ = {isa = PBXFileReference; lastKnownFileType = folder.assetcatalog; path = Assets.xcassets; sourceTree = "<group>"; };
		F0604617286CEAB20077E732 /* Base */ = {isa = PBXFileReference; lastKnownFileType = file.storyboard; name = Base; path = Base.lproj/LaunchScreen.storyboard; sourceTree = "<group>"; };
		F0604619286CEAB20077E732 /* Info.plist */ = {isa = PBXFileReference; lastKnownFileType = text.plist.xml; path = Info.plist; sourceTree = "<group>"; };
		F060461F286CEF4B0077E732 /* DemoData.swift */ = {isa = PBXFileReference; fileEncoding = 4; lastKnownFileType = sourcecode.swift; path = DemoData.swift; sourceTree = "<group>"; };
		F0604622286CEF870077E732 /* CardView.swift */ = {isa = PBXFileReference; fileEncoding = 4; lastKnownFileType = sourcecode.swift; path = CardView.swift; sourceTree = "<group>"; };
		F0604624286CEF8F0077E732 /* ShadowCardView.swift */ = {isa = PBXFileReference; fileEncoding = 4; lastKnownFileType = sourcecode.swift; path = ShadowCardView.swift; sourceTree = "<group>"; };
		F0604625286CEF8F0077E732 /* RoundedButton.swift */ = {isa = PBXFileReference; fileEncoding = 4; lastKnownFileType = sourcecode.swift; path = RoundedButton.swift; sourceTree = "<group>"; };
		F0604628286DCAA10077E732 /* LoginRegisterVC.swift */ = {isa = PBXFileReference; lastKnownFileType = sourcecode.swift; path = LoginRegisterVC.swift; sourceTree = "<group>"; };
		F0604629286DCAA10077E732 /* LoginRegisterVC.xib */ = {isa = PBXFileReference; lastKnownFileType = file.xib; path = LoginRegisterVC.xib; sourceTree = "<group>"; };
		F06B499C287D977000B7D7C4 /* ThumbnailCell.swift */ = {isa = PBXFileReference; lastKnownFileType = sourcecode.swift; path = ThumbnailCell.swift; sourceTree = "<group>"; };
		F09424C8287469B5002E4F08 /* Vacation.swift */ = {isa = PBXFileReference; lastKnownFileType = sourcecode.swift; path = Vacation.swift; sourceTree = "<group>"; };
		F09424CB28746F84002E4F08 /* VacationCell.swift */ = {isa = PBXFileReference; lastKnownFileType = sourcecode.swift; path = VacationCell.swift; sourceTree = "<group>"; };
		F09424CC28746F84002E4F08 /* VacationCell.xib */ = {isa = PBXFileReference; lastKnownFileType = file.xib; path = VacationCell.xib; sourceTree = "<group>"; };
		F0A829D128803E4E001E064C /* CheckoutVC.swift */ = {isa = PBXFileReference; lastKnownFileType = sourcecode.swift; path = CheckoutVC.swift; sourceTree = "<group>"; };
		F0D7ABC9287C6A8E00F632A0 /* Int+Ext.swift */ = {isa = PBXFileReference; lastKnownFileType = sourcecode.swift; path = "Int+Ext.swift"; sourceTree = "<group>"; };
		F0D7ABCB287C6C1A00F632A0 /* VacationDetailsVC.swift */ = {isa = PBXFileReference; lastKnownFileType = sourcecode.swift; path = VacationDetailsVC.swift; sourceTree = "<group>"; };
/* End PBXFileReference section */

/* Begin PBXFrameworksBuildPhase section */
		F0604605286CEAB00077E732 /* Frameworks */ = {
			isa = PBXFrameworksBuildPhase;
			buildActionMask = 2147483647;
			files = (
				F09424D128747F04002E4F08 /* SDWebImage in Frameworks */,
			);
			runOnlyForDeploymentPostprocessing = 0;
		};
/* End PBXFrameworksBuildPhase section */

/* Begin PBXGroup section */
		F06045FF286CEAB00077E732 = {
			isa = PBXGroup;
			children = (
				F060460A286CEAB00077E732 /* bon-voyage */,
				F0604609286CEAB00077E732 /* Products */,
			);
			sourceTree = "<group>";
		};
		F0604609286CEAB00077E732 /* Products */ = {
			isa = PBXGroup;
			children = (
				F0604608286CEAB00077E732 /* bon-voyage.app */,
			);
			name = Products;
			sourceTree = "<group>";
		};
		F060460A286CEAB00077E732 /* bon-voyage */ = {
			isa = PBXGroup;
			children = (
				F0D7ABC8287C6A7100F632A0 /* Extensions */,
				F09424CA28746F3B002E4F08 /* Cells */,
				F09424C728746995002E4F08 /* Models */,
				F060462C286DCAC00077E732 /* LoginRegister */,
				F060460B286CEAB00077E732 /* AppDelegate.swift */,
				F060460D286CEAB00077E732 /* SceneDelegate.swift */,
				F060460F286CEAB00077E732 /* HomeVC.swift */,
				F0D7ABCB287C6C1A00F632A0 /* VacationDetailsVC.swift */,
				F0604621286CEF570077E732 /* Custom Views */,
				F060461F286CEF4B0077E732 /* DemoData.swift */,
				F0604611286CEAB00077E732 /* Main.storyboard */,
				F0604614286CEAB20077E732 /* Assets.xcassets */,
				F0604616286CEAB20077E732 /* LaunchScreen.storyboard */,
				F0604619286CEAB20077E732 /* Info.plist */,
				F0A829D128803E4E001E064C /* CheckoutVC.swift */,
			);
			path = "bon-voyage";
			sourceTree = "<group>";
		};
		F0604621286CEF570077E732 /* Custom Views */ = {
			isa = PBXGroup;
			children = (
				F0604625286CEF8F0077E732 /* RoundedButton.swift */,
				F0604624286CEF8F0077E732 /* ShadowCardView.swift */,
				F0604622286CEF870077E732 /* CardView.swift */,
			);
			path = "Custom Views";
			sourceTree = "<group>";
		};
		F060462C286DCAC00077E732 /* LoginRegister */ = {
			isa = PBXGroup;
			children = (
				F0604629286DCAA10077E732 /* LoginRegisterVC.xib */,
				F0604628286DCAA10077E732 /* LoginRegisterVC.swift */,
			);
			path = LoginRegister;
			sourceTree = "<group>";
		};
		F09424C728746995002E4F08 /* Models */ = {
			isa = PBXGroup;
			children = (
				F09424C8287469B5002E4F08 /* Vacation.swift */,
			);
			path = Models;
			sourceTree = "<group>";
		};
		F09424CA28746F3B002E4F08 /* Cells */ = {
			isa = PBXGroup;
			children = (
				F09424CB28746F84002E4F08 /* VacationCell.swift */,
				F09424CC28746F84002E4F08 /* VacationCell.xib */,
				F06B499C287D977000B7D7C4 /* ThumbnailCell.swift */,
			);
			path = Cells;
			sourceTree = "<group>";
		};
		F0D7ABC8287C6A7100F632A0 /* Extensions */ = {
			isa = PBXGroup;
			children = (
				F0D7ABC9287C6A8E00F632A0 /* Int+Ext.swift */,
			);
			path = Extensions;
			sourceTree = "<group>";
		};
/* End PBXGroup section */

/* Begin PBXNativeTarget section */
		F0604607286CEAB00077E732 /* bon-voyage */ = {
			isa = PBXNativeTarget;
			buildConfigurationList = F060461C286CEAB20077E732 /* Build configuration list for PBXNativeTarget "bon-voyage" */;
			buildPhases = (
				F0604604286CEAB00077E732 /* Sources */,
				F0604605286CEAB00077E732 /* Frameworks */,
				F0604606286CEAB00077E732 /* Resources */,
			);
			buildRules = (
			);
			dependencies = (
			);
			name = "bon-voyage";
			packageProductDependencies = (
				F09424D028747F04002E4F08 /* SDWebImage */,
			);
			productName = "bon-voyage";
			productReference = F0604608286CEAB00077E732 /* bon-voyage.app */;
			productType = "com.apple.product-type.application";
		};
/* End PBXNativeTarget section */

/* Begin PBXProject section */
		F0604600286CEAB00077E732 /* Project object */ = {
			isa = PBXProject;
			attributes = {
				BuildIndependentTargetsInParallel = 1;
				LastSwiftUpdateCheck = 1340;
				LastUpgradeCheck = 1340;
				TargetAttributes = {
					F0604607286CEAB00077E732 = {
						CreatedOnToolsVersion = 13.4.1;
					};
				};
			};
			buildConfigurationList = F0604603286CEAB00077E732 /* Build configuration list for PBXProject "bon-voyage" */;
			compatibilityVersion = "Xcode 13.0";
			developmentRegion = en;
			hasScannedForEncodings = 0;
			knownRegions = (
				en,
				Base,
			);
			mainGroup = F06045FF286CEAB00077E732;
			packageReferences = (
				F09424CF28747F04002E4F08 /* XCRemoteSwiftPackageReference "SDWebImage" */,
			);
			productRefGroup = F0604609286CEAB00077E732 /* Products */;
			projectDirPath = "";
			projectRoot = "";
			targets = (
				F0604607286CEAB00077E732 /* bon-voyage */,
			);
		};
/* End PBXProject section */

/* Begin PBXResourcesBuildPhase section */
		F0604606286CEAB00077E732 /* Resources */ = {
			isa = PBXResourcesBuildPhase;
			buildActionMask = 2147483647;
			files = (
				F0604618286CEAB20077E732 /* LaunchScreen.storyboard in Resources */,
				F0604615286CEAB20077E732 /* Assets.xcassets in Resources */,
				F0604613286CEAB00077E732 /* Main.storyboard in Resources */,
				F09424CE28746F84002E4F08 /* VacationCell.xib in Resources */,
				F060462B286DCAA10077E732 /* LoginRegisterVC.xib in Resources */,
			);
			runOnlyForDeploymentPostprocessing = 0;
		};
/* End PBXResourcesBuildPhase section */

/* Begin PBXSourcesBuildPhase section */
		F0604604286CEAB00077E732 /* Sources */ = {
			isa = PBXSourcesBuildPhase;
			buildActionMask = 2147483647;
			files = (
				F0A829D228803E4E001E064C /* CheckoutVC.swift in Sources */,
				F0604626286CEF8F0077E732 /* ShadowCardView.swift in Sources */,
				F0604620286CEF4B0077E732 /* DemoData.swift in Sources */,
				F09424C9287469B5002E4F08 /* Vacation.swift in Sources */,
				F0604610286CEAB00077E732 /* HomeVC.swift in Sources */,
				F060460C286CEAB00077E732 /* AppDelegate.swift in Sources */,
				F0D7ABCA287C6A8E00F632A0 /* Int+Ext.swift in Sources */,
				F0604627286CEF8F0077E732 /* RoundedButton.swift in Sources */,
				F09424CD28746F84002E4F08 /* VacationCell.swift in Sources */,
				F060460E286CEAB00077E732 /* SceneDelegate.swift in Sources */,
				F06B499D287D977000B7D7C4 /* ThumbnailCell.swift in Sources */,
				F0604623286CEF870077E732 /* CardView.swift in Sources */,
				F0D7ABCC287C6C1A00F632A0 /* VacationDetailsVC.swift in Sources */,
				F060462A286DCAA10077E732 /* LoginRegisterVC.swift in Sources */,
			);
			runOnlyForDeploymentPostprocessing = 0;
		};
/* End PBXSourcesBuildPhase section */

/* Begin PBXVariantGroup section */
		F0604611286CEAB00077E732 /* Main.storyboard */ = {
			isa = PBXVariantGroup;
			children = (
				F0604612286CEAB00077E732 /* Base */,
			);
			name = Main.storyboard;
			sourceTree = "<group>";
		};
		F0604616286CEAB20077E732 /* LaunchScreen.storyboard */ = {
			isa = PBXVariantGroup;
			children = (
				F0604617286CEAB20077E732 /* Base */,
			);
			name = LaunchScreen.storyboard;
			sourceTree = "<group>";
		};
/* End PBXVariantGroup section */

/* Begin XCBuildConfiguration section */
		F060461A286CEAB20077E732 /* Debug */ = {
			isa = XCBuildConfiguration;
			buildSettings = {
				ALWAYS_SEARCH_USER_PATHS = NO;
				CLANG_ANALYZER_NONNULL = YES;
				CLANG_ANALYZER_NUMBER_OBJECT_CONVERSION = YES_AGGRESSIVE;
				CLANG_CXX_LANGUAGE_STANDARD = "gnu++17";
				CLANG_ENABLE_MODULES = YES;
				CLANG_ENABLE_OBJC_ARC = YES;
				CLANG_ENABLE_OBJC_WEAK = YES;
				CLANG_WARN_BLOCK_CAPTURE_AUTORELEASING = YES;
				CLANG_WARN_BOOL_CONVERSION = YES;
				CLANG_WARN_COMMA = YES;
				CLANG_WARN_CONSTANT_CONVERSION = YES;
				CLANG_WARN_DEPRECATED_OBJC_IMPLEMENTATIONS = YES;
				CLANG_WARN_DIRECT_OBJC_ISA_USAGE = YES_ERROR;
				CLANG_WARN_DOCUMENTATION_COMMENTS = YES;
				CLANG_WARN_EMPTY_BODY = YES;
				CLANG_WARN_ENUM_CONVERSION = YES;
				CLANG_WARN_INFINITE_RECURSION = YES;
				CLANG_WARN_INT_CONVERSION = YES;
				CLANG_WARN_NON_LITERAL_NULL_CONVERSION = YES;
				CLANG_WARN_OBJC_IMPLICIT_RETAIN_SELF = YES;
				CLANG_WARN_OBJC_LITERAL_CONVERSION = YES;
				CLANG_WARN_OBJC_ROOT_CLASS = YES_ERROR;
				CLANG_WARN_QUOTED_INCLUDE_IN_FRAMEWORK_HEADER = YES;
				CLANG_WARN_RANGE_LOOP_ANALYSIS = YES;
				CLANG_WARN_STRICT_PROTOTYPES = YES;
				CLANG_WARN_SUSPICIOUS_MOVE = YES;
				CLANG_WARN_UNGUARDED_AVAILABILITY = YES_AGGRESSIVE;
				CLANG_WARN_UNREACHABLE_CODE = YES;
				CLANG_WARN__DUPLICATE_METHOD_MATCH = YES;
				COPY_PHASE_STRIP = NO;
				DEBUG_INFORMATION_FORMAT = dwarf;
				ENABLE_STRICT_OBJC_MSGSEND = YES;
				ENABLE_TESTABILITY = YES;
				GCC_C_LANGUAGE_STANDARD = gnu11;
				GCC_DYNAMIC_NO_PIC = NO;
				GCC_NO_COMMON_BLOCKS = YES;
				GCC_OPTIMIZATION_LEVEL = 0;
				GCC_PREPROCESSOR_DEFINITIONS = (
					"DEBUG=1",
					"$(inherited)",
				);
				GCC_WARN_64_TO_32_BIT_CONVERSION = YES;
				GCC_WARN_ABOUT_RETURN_TYPE = YES_ERROR;
				GCC_WARN_UNDECLARED_SELECTOR = YES;
				GCC_WARN_UNINITIALIZED_AUTOS = YES_AGGRESSIVE;
				GCC_WARN_UNUSED_FUNCTION = YES;
				GCC_WARN_UNUSED_VARIABLE = YES;
				IPHONEOS_DEPLOYMENT_TARGET = 15.5;
				MTL_ENABLE_DEBUG_INFO = INCLUDE_SOURCE;
				MTL_FAST_MATH = YES;
				ONLY_ACTIVE_ARCH = YES;
				SDKROOT = iphoneos;
				SWIFT_ACTIVE_COMPILATION_CONDITIONS = DEBUG;
				SWIFT_OPTIMIZATION_LEVEL = "-Onone";
			};
			name = Debug;
		};
		F060461B286CEAB20077E732 /* Release */ = {
			isa = XCBuildConfiguration;
			buildSettings = {
				ALWAYS_SEARCH_USER_PATHS = NO;
				CLANG_ANALYZER_NONNULL = YES;
				CLANG_ANALYZER_NUMBER_OBJECT_CONVERSION = YES_AGGRESSIVE;
				CLANG_CXX_LANGUAGE_STANDARD = "gnu++17";
				CLANG_ENABLE_MODULES = YES;
				CLANG_ENABLE_OBJC_ARC = YES;
				CLANG_ENABLE_OBJC_WEAK = YES;
				CLANG_WARN_BLOCK_CAPTURE_AUTORELEASING = YES;
				CLANG_WARN_BOOL_CONVERSION = YES;
				CLANG_WARN_COMMA = YES;
				CLANG_WARN_CONSTANT_CONVERSION = YES;
				CLANG_WARN_DEPRECATED_OBJC_IMPLEMENTATIONS = YES;
				CLANG_WARN_DIRECT_OBJC_ISA_USAGE = YES_ERROR;
				CLANG_WARN_DOCUMENTATION_COMMENTS = YES;
				CLANG_WARN_EMPTY_BODY = YES;
				CLANG_WARN_ENUM_CONVERSION = YES;
				CLANG_WARN_INFINITE_RECURSION = YES;
				CLANG_WARN_INT_CONVERSION = YES;
				CLANG_WARN_NON_LITERAL_NULL_CONVERSION = YES;
				CLANG_WARN_OBJC_IMPLICIT_RETAIN_SELF = YES;
				CLANG_WARN_OBJC_LITERAL_CONVERSION = YES;
				CLANG_WARN_OBJC_ROOT_CLASS = YES_ERROR;
				CLANG_WARN_QUOTED_INCLUDE_IN_FRAMEWORK_HEADER = YES;
				CLANG_WARN_RANGE_LOOP_ANALYSIS = YES;
				CLANG_WARN_STRICT_PROTOTYPES = YES;
				CLANG_WARN_SUSPICIOUS_MOVE = YES;
				CLANG_WARN_UNGUARDED_AVAILABILITY = YES_AGGRESSIVE;
				CLANG_WARN_UNREACHABLE_CODE = YES;
				CLANG_WARN__DUPLICATE_METHOD_MATCH = YES;
				COPY_PHASE_STRIP = NO;
				DEBUG_INFORMATION_FORMAT = "dwarf-with-dsym";
				ENABLE_NS_ASSERTIONS = NO;
				ENABLE_STRICT_OBJC_MSGSEND = YES;
				GCC_C_LANGUAGE_STANDARD = gnu11;
				GCC_NO_COMMON_BLOCKS = YES;
				GCC_WARN_64_TO_32_BIT_CONVERSION = YES;
				GCC_WARN_ABOUT_RETURN_TYPE = YES_ERROR;
				GCC_WARN_UNDECLARED_SELECTOR = YES;
				GCC_WARN_UNINITIALIZED_AUTOS = YES_AGGRESSIVE;
				GCC_WARN_UNUSED_FUNCTION = YES;
				GCC_WARN_UNUSED_VARIABLE = YES;
				IPHONEOS_DEPLOYMENT_TARGET = 15.5;
				MTL_ENABLE_DEBUG_INFO = NO;
				MTL_FAST_MATH = YES;
				SDKROOT = iphoneos;
				SWIFT_COMPILATION_MODE = wholemodule;
				SWIFT_OPTIMIZATION_LEVEL = "-O";
				VALIDATE_PRODUCT = YES;
			};
			name = Release;
		};
		F060461D286CEAB20077E732 /* Debug */ = {
			isa = XCBuildConfiguration;
			buildSettings = {
				ASSETCATALOG_COMPILER_APPICON_NAME = AppIcon;
				ASSETCATALOG_COMPILER_GLOBAL_ACCENT_COLOR_NAME = AccentColor;
				CODE_SIGN_STYLE = Automatic;
				CURRENT_PROJECT_VERSION = 1;
				DEVELOPMENT_TEAM = V4H8WGK6Y5;
				GENERATE_INFOPLIST_FILE = YES;
				INFOPLIST_FILE = "bon-voyage/Info.plist";
				INFOPLIST_KEY_UIApplicationSupportsIndirectInputEvents = YES;
				INFOPLIST_KEY_UILaunchStoryboardName = LaunchScreen;
				INFOPLIST_KEY_UIMainStoryboardFile = Main;
				INFOPLIST_KEY_UISupportedInterfaceOrientations_iPad = "UIInterfaceOrientationPortrait UIInterfaceOrientationPortraitUpsideDown UIInterfaceOrientationLandscapeLeft UIInterfaceOrientationLandscapeRight";
				INFOPLIST_KEY_UISupportedInterfaceOrientations_iPhone = "UIInterfaceOrientationPortrait UIInterfaceOrientationLandscapeLeft UIInterfaceOrientationLandscapeRight";
				LD_RUNPATH_SEARCH_PATHS = (
					"$(inherited)",
					"@executable_path/Frameworks",
				);
				MARKETING_VERSION = 1.0;
				PRODUCT_BUNDLE_IDENTIFIER = "com.kmitina.bon-voyage";
				PRODUCT_NAME = "$(TARGET_NAME)";
				SWIFT_EMIT_LOC_STRINGS = YES;
				SWIFT_VERSION = 5.0;
				TARGETED_DEVICE_FAMILY = "1,2";
			};
			name = Debug;
		};
		F060461E286CEAB20077E732 /* Release */ = {
			isa = XCBuildConfiguration;
			buildSettings = {
				ASSETCATALOG_COMPILER_APPICON_NAME = AppIcon;
				ASSETCATALOG_COMPILER_GLOBAL_ACCENT_COLOR_NAME = AccentColor;
				CODE_SIGN_STYLE = Automatic;
				CURRENT_PROJECT_VERSION = 1;
				DEVELOPMENT_TEAM = V4H8WGK6Y5;
				GENERATE_INFOPLIST_FILE = YES;
				INFOPLIST_FILE = "bon-voyage/Info.plist";
				INFOPLIST_KEY_UIApplicationSupportsIndirectInputEvents = YES;
				INFOPLIST_KEY_UILaunchStoryboardName = LaunchScreen;
				INFOPLIST_KEY_UIMainStoryboardFile = Main;
				INFOPLIST_KEY_UISupportedInterfaceOrientations_iPad = "UIInterfaceOrientationPortrait UIInterfaceOrientationPortraitUpsideDown UIInterfaceOrientationLandscapeLeft UIInterfaceOrientationLandscapeRight";
				INFOPLIST_KEY_UISupportedInterfaceOrientations_iPhone = "UIInterfaceOrientationPortrait UIInterfaceOrientationLandscapeLeft UIInterfaceOrientationLandscapeRight";
				LD_RUNPATH_SEARCH_PATHS = (
					"$(inherited)",
					"@executable_path/Frameworks",
				);
				MARKETING_VERSION = 1.0;
				PRODUCT_BUNDLE_IDENTIFIER = "com.kmitina.bon-voyage";
				PRODUCT_NAME = "$(TARGET_NAME)";
				SWIFT_EMIT_LOC_STRINGS = YES;
				SWIFT_VERSION = 5.0;
				TARGETED_DEVICE_FAMILY = "1,2";
			};
			name = Release;
		};
/* End XCBuildConfiguration section */

/* Begin XCConfigurationList section */
		F0604603286CEAB00077E732 /* Build configuration list for PBXProject "bon-voyage" */ = {
			isa = XCConfigurationList;
			buildConfigurations = (
				F060461A286CEAB20077E732 /* Debug */,
				F060461B286CEAB20077E732 /* Release */,
			);
			defaultConfigurationIsVisible = 0;
			defaultConfigurationName = Release;
		};
		F060461C286CEAB20077E732 /* Build configuration list for PBXNativeTarget "bon-voyage" */ = {
			isa = XCConfigurationList;
			buildConfigurations = (
				F060461D286CEAB20077E732 /* Debug */,
				F060461E286CEAB20077E732 /* Release */,
			);
			defaultConfigurationIsVisible = 0;
			defaultConfigurationName = Release;
		};
/* End XCConfigurationList section */

/* Begin XCRemoteSwiftPackageReference section */
		F09424CF28747F04002E4F08 /* XCRemoteSwiftPackageReference "SDWebImage" */ = {
			isa = XCRemoteSwiftPackageReference;
			repositoryURL = "https://github.com/SDWebImage/SDWebImage.git";
			requirement = {
				kind = upToNextMajorVersion;
				minimumVersion = 5.0.0;
			};
		};
/* End XCRemoteSwiftPackageReference section */

/* Begin XCSwiftPackageProductDependency section */
		F09424D028747F04002E4F08 /* SDWebImage */ = {
			isa = XCSwiftPackageProductDependency;
			package = F09424CF28747F04002E4F08 /* XCRemoteSwiftPackageReference "SDWebImage" */;
			productName = SDWebImage;
		};
/* End XCSwiftPackageProductDependency section */
	};
	rootObject = F0604600286CEAB00077E732 /* Project object */;
}
